
Microsoft Visual Studio Solution File, Format Version 12.00
# Visual Studio Version 17
VisualStudioVersion = 17.8.34322.80
MinimumVisualStudioVersion = 10.0.40219.1
Project("{FAE04EC0-301F-11D3-BF4B-00C04F79EFBC}") = "SampleWindowsForms", "SampleWindowsForms\SampleWindowsForms.csproj", "{9F33BA4F-94FD-42EA-8D5D-8DEA1B78E439}"
EndProject
Global
	GlobalSection(SolutionConfigurationPlatforms) = preSolution
		Debug|Any CPU = Debug|Any CPU
		Release|Any CPU = Release|Any CPU
	EndGlobalSection
	GlobalSection(ProjectConfigurationPlatforms) = postSolution
		{9F33BA4F-94FD-42EA-8D5D-8DEA1B78E439}.Debug|Any CPU.ActiveCfg = Debug|Any CPU
		{9F33BA4F-94FD-42EA-8D5D-8DEA1B78E439}.Debug|Any CPU.Build.0 = Debug|Any CPU
		{9F33BA4F-94FD-42EA-8D5D-8DEA1B78E439}.Release|Any CPU.ActiveCfg = Release|Any CPU
		{9F33BA4F-94FD-42EA-8D5D-8DEA1B78E439}.Release|Any CPU.Build.0 = Release|Any CPU
	EndGlobalSection
	GlobalSection(SolutionProperties) = preSolution
		HideSolutionNode = FALSE
	EndGlobalSection
	GlobalSection(ExtensibilityGlobals) = postSolution
		SolutionGuid = {2A62F757-BC6B-40FE-85BD-75CA66689AA7}
	EndGlobalSection
EndGlobal
